github.com/aead/chacha20 v0.0.0-20180709150244-8b13a72661da h1:KjTM2ks9d14ZYCvmHS9iAKVt9AyzRSqNU1qabPih5BY=
github.com/aead/chacha20 v0.0.0-20180709150244-8b13a72661da/go.mod h1:eHEWzANqSiWQsof+nXEI9bUVUyV6F53Fp89EuCh2EAA=
github.com/cyfdecyf/bufio v0.0.0-20130801052708-9601756e2a6b h1:IbXtWKo69Qt6jYo52e+u/UlHRQWn+KtVZta5cby90BA=
github.com/cyfdecyf/bufio v0.0.0-20130801052708-9601756e2a6b/go.mod h1:DQSIy5um0bRxHkx+PH04spgFRk5RqHGi0sHxiv5Ws3g=
github.com/cyfdecyf/color v0.0.0-20130827105946-31d518c963d2 h1:Oe1e6HKSKb4HmtFqrucyQUcA1lVuttAf0oKHC4ggaQw=
github.com/cyfdecyf/color v0.0.0-20130827105946-31d518c963d2/go.mod h1:mV04dyd0XpcvkTDehKbH1yGJE03Od3P88OZ/urLUqvw=
github.com/cyfdecyf/leakybuf v0.0.0-20140618011800-ffae040843be h1:TJvjsUzf1Bqz73jxyy8mnvmOUl2I+Mp7SXNVtvPuHW4=
github.com/cyfdecyf/leakybuf v0.0.0-20140618011800-ffae040843be/go.mod h1:OvIOPiANV24DVDhJDhNQh6NsAgC6mA1o0wc09vWXVkQ=
github.com/shadowsocks/shadowsocks-go v0.0.0-20200409064450-3e585ff90601 h1:XU9hik0exChEmY92ALW4l9WnDodxLVS9yOSNh2SizaQ=
github.com/shadowsocks/shadowsocks-go v0.0.0-20200409064450-3e585ff90601/go.mod h1:mttDPaeLm87u74HMrP+n2tugXvIKWcwff/cqSX0lehY=
golang.org/x/crypto v0.0.0-20220214200702-86341886e292 h1:f+lwQ+GtmgoY+A2YaQxlSOnDjXcQ7ZRLWOHbC6HtRqE=
golang.org/x/crypto v0.0.0-20220214200702-86341886e292/go.mod h1:IxCIyHEi3zRg3s0A5j5BB6A9Jmi73HwBIUl50j+osU4=
golang.org/x/net v0.0.0-20211112202133-69e39bad7dc2/go.mod h1:9nx3DQGgdP8bBQD5qxJ1jj9UTztislL4KSBs9R2vV5Y=
golang.org/x/sys v0.0.0-20201119102817-f84b799fce68/go.mod h1:h1NjWce9XRLGQEsW7wpKNCjG9DtNlClVuFLEZdDNbEs=
golang.org/x/sys v0.0.0-20210423082822-04245dca01da/go.mod h1:h1NjWce9XRLGQEsW7wpKNCjG9DtNlClVuFLEZdDNbEs=
golang.org/x/sys v0.0.0-20210615035016-665e8c7367d1 h1:SrN+KX8Art/Sf4HNj6Zcz06G7VEz+7w9tdXTPOZ7+l4=
golang.org/x/sys v0.0.0-20210615035016-665e8c7367d1/go.mod h1:oPkhp1MJrh7nUepCBck5+mAzfO9JrbApNNgaTdGDITg=
golang.org/x/term v0.0.0-20201126162022-7de9c90e9dd1/go.mod h1:bj7SfCRtBDWHUb9snDiAeCFNEtKQo2Wmx5Cou7ajbmo=
golang.org/x/text v0.3.6/go.mod h1:5Zoc/QRtKVWzQhOtBMvqHzDpF6irO9z98xDceosuGiQ=
golang.org/x/tools v0.0.0-20180917221912-90fa682c2a6e/go.mod h1:n7NCudcB/nEzxVGmLbDWY5pfWTLqBcC2KZ6jyYvM4mQ=
